{
  "requires": true,
  "lockfileVersion": 1,
  "dependencies": {
    "bad-words": {
      "version": "3.0.0",
      "resolved": "https://registry.npmjs.org/bad-words/-/bad-words-3.0.0.tgz",
      "integrity": "sha512-9ARnzlW0WeH9e1+MuyKO12hc+W1gLEjCVxA7ez1x4okukK5bZLi8pWqF9xe9dCcqO2LjujXLVbhOgZpHYx10tQ==",
      "requires": {
        "badwords-list": "1.0.0"
      }
    },
    "badwords-list": {
      "version": "1.0.0",
      "resolved": "https://registry.npmjs.org/badwords-list/-/badwords-list-1.0.0.tgz",
      "integrity": "sha1-XphW2/E0gqKVw7CzBK+51M/FxXk="
    }
  }
}
